
Microsoft Visual Studio Solution File, Format Version 12.00
# Visual Studio 2012
Project("{8BC9CEB8-8B4A-11D0-8D11-00A0C91BC942}") = "Grafos basics", "Grafos basics\Grafos basics.vcxproj", "{FBB5B2C3-A1D2-4BF6-BD5D-5F03CD876034}"
EndProject
Global
	GlobalSection(SolutionConfigurationPlatforms) = preSolution
		Debug|Win32 = Debug|Win32
		Release|Win32 = Release|Win32
	EndGlobalSection
	GlobalSection(ProjectConfigurationPlatforms) = postSolution
		{FBB5B2C3-A1D2-4BF6-BD5D-5F03CD876034}.Debug|Win32.ActiveCfg = Debug|Win32
		{FBB5B2C3-A1D2-4BF6-BD5D-5F03CD876034}.Debug|Win32.Build.0 = Debug|Win32
		{FBB5B2C3-A1D2-4BF6-BD5D-5F03CD876034}.Release|Win32.ActiveCfg = Release|Win32
		{FBB5B2C3-A1D2-4BF6-BD5D-5F03CD876034}.Release|Win32.Build.0 = Release|Win32
	EndGlobalSection
	GlobalSection(SolutionProperties) = preSolution
		HideSolutionNode = FALSE
	EndGlobalSection
EndGlobal
