
Microsoft Visual Studio Solution File, Format Version 12.00
# Visual Studio 2012
Project("{8BC9CEB8-8B4A-11D0-8D11-00A0C91BC942}") = "Dijkstra,Dijkstra", "Dijkstra,Dijkstra\Dijkstra,Dijkstra.vcxproj", "{17003BCC-3630-4331-B78B-18FF70AEF99F}"
EndProject
Global
	GlobalSection(SolutionConfigurationPlatforms) = preSolution
		Debug|Win32 = Debug|Win32
		Release|Win32 = Release|Win32
	EndGlobalSection
	GlobalSection(ProjectConfigurationPlatforms) = postSolution
		{17003BCC-3630-4331-B78B-18FF70AEF99F}.Debug|Win32.ActiveCfg = Debug|Win32
		{17003BCC-3630-4331-B78B-18FF70AEF99F}.Debug|Win32.Build.0 = Debug|Win32
		{17003BCC-3630-4331-B78B-18FF70AEF99F}.Release|Win32.ActiveCfg = Release|Win32
		{17003BCC-3630-4331-B78B-18FF70AEF99F}.Release|Win32.Build.0 = Release|Win32
	EndGlobalSection
	GlobalSection(SolutionProperties) = preSolution
		HideSolutionNode = FALSE
	EndGlobalSection
EndGlobal
