
Microsoft Visual Studio Solution File, Format Version 12.00
# Visual Studio 2012
Project("{8BC9CEB8-8B4A-11D0-8D11-00A0C91BC942}") = "PD06 - Caminos oscuros", "PD06 - Caminos oscuros\PD06 - Caminos oscuros.vcxproj", "{2A62F7CE-213C-47E0-B6DA-0EADA0E9B1E5}"
EndProject
Global
	GlobalSection(SolutionConfigurationPlatforms) = preSolution
		Debug|Win32 = Debug|Win32
		Release|Win32 = Release|Win32
	EndGlobalSection
	GlobalSection(ProjectConfigurationPlatforms) = postSolution
		{2A62F7CE-213C-47E0-B6DA-0EADA0E9B1E5}.Debug|Win32.ActiveCfg = Debug|Win32
		{2A62F7CE-213C-47E0-B6DA-0EADA0E9B1E5}.Debug|Win32.Build.0 = Debug|Win32
		{2A62F7CE-213C-47E0-B6DA-0EADA0E9B1E5}.Release|Win32.ActiveCfg = Release|Win32
		{2A62F7CE-213C-47E0-B6DA-0EADA0E9B1E5}.Release|Win32.Build.0 = Release|Win32
	EndGlobalSection
	GlobalSection(SolutionProperties) = preSolution
		HideSolutionNode = FALSE
	EndGlobalSection
EndGlobal
